// !$*UTF8*$!
{
	archiveVersion = 1;
	classes = {
	};
	objectVersion = 46;
	objects = {

/* Begin PBXBuildFile section */
		111FFED1192CCB9A00D719F3 /* PCWalletViewController.m in Sources */ = {isa = PBXBuildFile; fileRef = 111FFED0192CCB9A00D719F3 /* PCWalletViewController.m */; };
		111FFED4192D022400D719F3 /* NameGenerator.m in Sources */ = {isa = PBXBuildFile; fileRef = 111FFED3192D022400D719F3 /* NameGenerator.m */; };
		111FFED8192D022F00D719F3 /* name.csv in Resources */ = {isa = PBXBuildFile; fileRef = 111FFED5192D022F00D719F3 /* name.csv */; };
		111FFED9192D022F00D719F3 /* syllable.csv in Resources */ = {isa = PBXBuildFile; fileRef = 111FFED6192D022F00D719F3 /* syllable.csv */; };
		111FFEDA192D022F00D719F3 /* title.csv in Resources */ = {isa = PBXBuildFile; fileRef = 111FFED7192D022F00D719F3 /* title.csv */; };
		116788FC190AB1EF0044A433 /* Foundation.framework in Frameworks */ = {isa = PBXBuildFile; fileRef = 116788FB190AB1EF0044A433 /* Foundation.framework */; };
		116788FE190AB1EF0044A433 /* CoreGraphics.framework in Frameworks */ = {isa = PBXBuildFile; fileRef = 116788FD190AB1EF0044A433 /* CoreGraphics.framework */; };
		11678900190AB1EF0044A433 /* UIKit.framework in Frameworks */ = {isa = PBXBuildFile; fileRef = 116788FF190AB1EF0044A433 /* UIKit.framework */; };
		11678906190AB1EF0044A433 /* InfoPlist.strings in Resources */ = {isa = PBXBuildFile; fileRef = 11678904190AB1EF0044A433 /* InfoPlist.strings */; };
		11678908190AB1EF0044A433 /* main.m in Sources */ = {isa = PBXBuildFile; fileRef = 11678907190AB1EF0044A433 /* main.m */; };
		1167890C190AB1EF0044A433 /* PCAppDelegate.m in Sources */ = {isa = PBXBuildFile; fileRef = 1167890B190AB1EF0044A433 /* PCAppDelegate.m */; };
		1167890F190AB1EF0044A433 /* Main.storyboard in Resources */ = {isa = PBXBuildFile; fileRef = 1167890D190AB1EF0044A433 /* Main.storyboard */; };
		11678914190AB1EF0044A433 /* Images.xcassets in Resources */ = {isa = PBXBuildFile; fileRef = 11678913190AB1EF0044A433 /* Images.xcassets */; };
		1167891B190AB1EF0044A433 /* XCTest.framework in Frameworks */ = {isa = PBXBuildFile; fileRef = 1167891A190AB1EF0044A433 /* XCTest.framework */; };
		1167891C190AB1EF0044A433 /* Foundation.framework in Frameworks */ = {isa = PBXBuildFile; fileRef = 116788FB190AB1EF0044A433 /* Foundation.framework */; };
		1167891D190AB1EF0044A433 /* UIKit.framework in Frameworks */ = {isa = PBXBuildFile; fileRef = 116788FF190AB1EF0044A433 /* UIKit.framework */; };
		11678925190AB1EF0044A433 /* InfoPlist.strings in Resources */ = {isa = PBXBuildFile; fileRef = 11678923190AB1EF0044A433 /* InfoPlist.strings */; };
		11678927190AB1EF0044A433 /* CreditCardProjectTests.m in Sources */ = {isa = PBXBuildFile; fileRef = 11678926190AB1EF0044A433 /* CreditCardProjectTests.m */; };
		11678938190AB2E30044A433 /* PCCreditCard.m in Sources */ = {isa = PBXBuildFile; fileRef = 11678937190AB2E30044A433 /* PCCreditCard.m */; };
		1167893E190AC9040044A433 /* PCCreditCardVC.m in Sources */ = {isa = PBXBuildFile; fileRef = 1167893D190AC9040044A433 /* PCCreditCardVC.m */; };
		11D84874193F40D7003A14D8 /* PCEditCardViewController.m in Sources */ = {isa = PBXBuildFile; fileRef = 11D84873193F40D7003A14D8 /* PCEditCardViewController.m */; };
/* End PBXBuildFile section */

/* Begin PBXContainerItemProxy section */
		1167891E190AB1EF0044A433 /* PBXContainerItemProxy */ = {
			isa = PBXContainerItemProxy;
			containerPortal = 116788F0190AB1EF0044A433 /* Project object */;
			proxyType = 1;
			remoteGlobalIDString = 116788F7190AB1EF0044A433;
			remoteInfo = CreditCardProject;
		};
/* End PBXContainerItemProxy section */

/* Begin PBXFileReference section */
		111FFECF192CCB9A00D719F3 /* PCWalletViewController.h */ = {isa = PBXFileReference; fileEncoding = 4; lastKnownFileType = sourcecode.c.h; path = PCWalletViewController.h; sourceTree = "<group>"; };
		111FFED0192CCB9A00D719F3 /* PCWalletViewController.m */ = {isa = PBXFileReference; fileEncoding = 4; lastKnownFileType = sourcecode.c.objc; path = PCWalletViewController.m; sourceTree = "<group>"; };
		111FFED2192D022400D719F3 /* NameGenerator.h */ = {isa = PBXFileReference; fileEncoding = 4; lastKnownFileType = sourcecode.c.h; path = NameGenerator.h; sourceTree = "<group>"; };
		111FFED3192D022400D719F3 /* NameGenerator.m */ = {isa = PBXFileReference; fileEncoding = 4; lastKnownFileType = sourcecode.c.objc; path = NameGenerator.m; sourceTree = "<group>"; };
		111FFED5192D022F00D719F3 /* name.csv */ = {isa = PBXFileReference; fileEncoding = 4; lastKnownFileType = text; path = name.csv; sourceTree = "<group>"; };
		111FFED6192D022F00D719F3 /* syllable.csv */ = {isa = PBXFileReference; fileEncoding = 4; lastKnownFileType = text; path = syllable.csv; sourceTree = "<group>"; };
		111FFED7192D022F00D719F3 /* title.csv */ = {isa = PBXFileReference; fileEncoding = 4; lastKnownFileType = text; path = title.csv; sourceTree = "<group>"; };
		116788F8190AB1EF0044A433 /* CreditCardProject.app */ = {isa = PBXFileReference; explicitFileType = wrapper.application; includeInIndex = 0; path = CreditCardProject.app; sourceTree = BUILT_PRODUCTS_DIR; };
		116788FB190AB1EF0044A433 /* Foundation.framework */ = {isa = PBXFileReference; lastKnownFileType = wrapper.framework; name = Foundation.framework; path = System/Library/Frameworks/Foundation.framework; sourceTree = SDKROOT; };
		116788FD190AB1EF0044A433 /* CoreGraphics.framework */ = {isa = PBXFileReference; lastKnownFileType = wrapper.framework; name = CoreGraphics.framework; path = System/Library/Frameworks/CoreGraphics.framework; sourceTree = SDKROOT; };
		116788FF190AB1EF0044A433 /* UIKit.framework */ = {isa = PBXFileReference; lastKnownFileType = wrapper.framework; name = UIKit.framework; path = System/Library/Frameworks/UIKit.framework; sourceTree = SDKROOT; };
		11678903190AB1EF0044A433 /* CreditCardProject-Info.plist */ = {isa = PBXFileReference; lastKnownFileType = text.plist.xml; path = "CreditCardProject-Info.plist"; sourceTree = "<group>"; };
		11678905190AB1EF0044A433 /* en */ = {isa = PBXFileReference; lastKnownFileType = text.plist.strings; name = en; path = en.lproj/InfoPlist.strings; sourceTree = "<group>"; };
		11678907190AB1EF0044A433 /* main.m */ = {isa = PBXFileReference; lastKnownFileType = sourcecode.c.objc; path = main.m; sourceTree = "<group>"; };
		11678909190AB1EF0044A433 /* CreditCardProject-Prefix.pch */ = {isa = PBXFileReference; lastKnownFileType = sourcecode.c.h; path = "CreditCardProject-Prefix.pch"; sourceTree = "<group>"; };
		1167890A190AB1EF0044A433 /* PCAppDelegate.h */ = {isa = PBXFileReference; lastKnownFileType = sourcecode.c.h; path = PCAppDelegate.h; sourceTree = "<group>"; };
		1167890B190AB1EF0044A433 /* PCAppDelegate.m */ = {isa = PBXFileReference; lastKnownFileType = sourcecode.c.objc; path = PCAppDelegate.m; sourceTree = "<group>"; };
		1167890E190AB1EF0044A433 /* Base */ = {isa = PBXFileReference; lastKnownFileType = file.storyboard; name = Base; path = Base.lproj/Main.storyboard; sourceTree = "<group>"; };
		11678913190AB1EF0044A433 /* Images.xcassets */ = {isa = PBXFileReference; lastKnownFileType = folder.assetcatalog; path = Images.xcassets; sourceTree = "<group>"; };
		11678919190AB1EF0044A433 /* CreditCardProjectTests.xctest */ = {isa = PBXFileReference; explicitFileType = wrapper.cfbundle; includeInIndex = 0; path = CreditCardProjectTests.xctest; sourceTree = BUILT_PRODUCTS_DIR; };
		1167891A190AB1EF0044A433 /* XCTest.framework */ = {isa = PBXFileReference; lastKnownFileType = wrapper.framework; name = XCTest.framework; path = Library/Frameworks/XCTest.framework; sourceTree = DEVELOPER_DIR; };
		11678922190AB1EF0044A433 /* CreditCardProjectTests-Info.plist */ = {isa = PBXFileReference; lastKnownFileType = text.plist.xml; path = "CreditCardProjectTests-Info.plist"; sourceTree = "<group>"; };
		11678924190AB1EF0044A433 /* en */ = {isa = PBXFileReference; lastKnownFileType = text.plist.strings; name = en; path = en.lproj/InfoPlist.strings; sourceTree = "<group>"; };
		11678926190AB1EF0044A433 /* CreditCardProjectTests.m */ = {isa = PBXFileReference; lastKnownFileType = sourcecode.c.objc; path = CreditCardProjectTests.m; sourceTree = "<group>"; };
		11678936190AB2E30044A433 /* PCCreditCard.h */ = {isa = PBXFileReference; fileEncoding = 4; lastKnownFileType = sourcecode.c.h; path = PCCreditCard.h; sourceTree = "<group>"; };
		11678937190AB2E30044A433 /* PCCreditCard.m */ = {isa = PBXFileReference; fileEncoding = 4; lastKnownFileType = sourcecode.c.objc; path = PCCreditCard.m; sourceTree = "<group>"; };
		1167893C190AC9040044A433 /* PCCreditCardVC.h */ = {isa = PBXFileReference; fileEncoding = 4; lastKnownFileType = sourcecode.c.h; path = PCCreditCardVC.h; sourceTree = "<group>"; };
		1167893D190AC9040044A433 /* PCCreditCardVC.m */ = {isa = PBXFileReference; fileEncoding = 4; lastKnownFileType = sourcecode.c.objc; path = PCCreditCardVC.m; sourceTree = "<group>"; };
		11D84872193F40D7003A14D8 /* PCEditCardViewController.h */ = {isa = PBXFileReference; fileEncoding = 4; lastKnownFileType = sourcecode.c.h; path = PCEditCardViewController.h; sourceTree = "<group>"; };
		11D84873193F40D7003A14D8 /* PCEditCardViewController.m */ = {isa = PBXFileReference; fileEncoding = 4; lastKnownFileType = sourcecode.c.objc; path = PCEditCardViewController.m; sourceTree = "<group>"; };
/* End PBXFileReference section */

/* Begin PBXFrameworksBuildPhase section */
		116788F5190AB1EF0044A433 /* Frameworks */ = {
			isa = PBXFrameworksBuildPhase;
			buildActionMask = 2147483647;
			files = (
				116788FE190AB1EF0044A433 /* CoreGraphics.framework in Frameworks */,
				11678900190AB1EF0044A433 /* UIKit.framework in Frameworks */,
				116788FC190AB1EF0044A433 /* Foundation.framework in Frameworks */,
			);
			runOnlyForDeploymentPostprocessing = 0;
		};
		11678916190AB1EF0044A433 /* Frameworks */ = {
			isa = PBXFrameworksBuildPhase;
			buildActionMask = 2147483647;
			files = (
				1167891B190AB1EF0044A433 /* XCTest.framework in Frameworks */,
				1167891D190AB1EF0044A433 /* UIKit.framework in Frameworks */,
				1167891C190AB1EF0044A433 /* Foundation.framework in Frameworks */,
			);
			runOnlyForDeploymentPostprocessing = 0;
		};
/* End PBXFrameworksBuildPhase section */

/* Begin PBXGroup section */
		116788EF190AB1EF0044A433 = {
			isa = PBXGroup;
			children = (
				11678901190AB1EF0044A433 /* CreditCardProject */,
				11678920190AB1EF0044A433 /* CreditCardProjectTests */,
				116788FA190AB1EF0044A433 /* Frameworks */,
				116788F9190AB1EF0044A433 /* Products */,
			);
			sourceTree = "<group>";
		};
		116788F9190AB1EF0044A433 /* Products */ = {
			isa = PBXGroup;
			children = (
				116788F8190AB1EF0044A433 /* CreditCardProject.app */,
				11678919190AB1EF0044A433 /* CreditCardProjectTests.xctest */,
			);
			name = Products;
			sourceTree = "<group>";
		};
		116788FA190AB1EF0044A433 /* Frameworks */ = {
			isa = PBXGroup;
			children = (
				116788FB190AB1EF0044A433 /* Foundation.framework */,
				116788FD190AB1EF0044A433 /* CoreGraphics.framework */,
				116788FF190AB1EF0044A433 /* UIKit.framework */,
				1167891A190AB1EF0044A433 /* XCTest.framework */,
			);
			name = Frameworks;
			sourceTree = "<group>";
		};
		11678901190AB1EF0044A433 /* CreditCardProject */ = {
			isa = PBXGroup;
			children = (
				1167890A190AB1EF0044A433 /* PCAppDelegate.h */,
				1167890B190AB1EF0044A433 /* PCAppDelegate.m */,
				11678936190AB2E30044A433 /* PCCreditCard.h */,
				11678937190AB2E30044A433 /* PCCreditCard.m */,
				1167890D190AB1EF0044A433 /* Main.storyboard */,
				111FFECF192CCB9A00D719F3 /* PCWalletViewController.h */,
				111FFED0192CCB9A00D719F3 /* PCWalletViewController.m */,
				1167893C190AC9040044A433 /* PCCreditCardVC.h */,
				1167893D190AC9040044A433 /* PCCreditCardVC.m */,
				11D84872193F40D7003A14D8 /* PCEditCardViewController.h */,
				11D84873193F40D7003A14D8 /* PCEditCardViewController.m */,
				111FFED2192D022400D719F3 /* NameGenerator.h */,
				111FFED3192D022400D719F3 /* NameGenerator.m */,
				11678913190AB1EF0044A433 /* Images.xcassets */,
				11678902190AB1EF0044A433 /* Supporting Files */,
			);
			path = CreditCardProject;
			sourceTree = "<group>";
		};
		11678902190AB1EF0044A433 /* Supporting Files */ = {
			isa = PBXGroup;
			children = (
				111FFED5192D022F00D719F3 /* name.csv */,
				111FFED6192D022F00D719F3 /* syllable.csv */,
				111FFED7192D022F00D719F3 /* title.csv */,
				11678903190AB1EF0044A433 /* CreditCardProject-Info.plist */,
				11678904190AB1EF0044A433 /* InfoPlist.strings */,
				11678907190AB1EF0044A433 /* main.m */,
				11678909190AB1EF0044A433 /* CreditCardProject-Prefix.pch */,
			);
			name = "Supporting Files";
			sourceTree = "<group>";
		};
		11678920190AB1EF0044A433 /* CreditCardProjectTests */ = {
			isa = PBXGroup;
			children = (
				11678926190AB1EF0044A433 /* CreditCardProjectTests.m */,
				11678921190AB1EF0044A433 /* Supporting Files */,
			);
			path = CreditCardProjectTests;
			sourceTree = "<group>";
		};
		11678921190AB1EF0044A433 /* Supporting Files */ = {
			isa = PBXGroup;
			children = (
				11678922190AB1EF0044A433 /* CreditCardProjectTests-Info.plist */,
				11678923190AB1EF0044A433 /* InfoPlist.strings */,
			);
			name = "Supporting Files";
			sourceTree = "<group>";
		};
/* End PBXGroup section */

/* Begin PBXNativeTarget section */
		116788F7190AB1EF0044A433 /* CreditCardProject */ = {
			isa = PBXNativeTarget;
			buildConfigurationList = 1167892A190AB1EF0044A433 /* Build configuration list for PBXNativeTarget "CreditCardProject" */;
			buildPhases = (
				116788F4190AB1EF0044A433 /* Sources */,
				116788F5190AB1EF0044A433 /* Frameworks */,
				116788F6190AB1EF0044A433 /* Resources */,
			);
			buildRules = (
			);
			dependencies = (
			);
			name = CreditCardProject;
			productName = CreditCardProject;
			productReference = 116788F8190AB1EF0044A433 /* CreditCardProject.app */;
			productType = "com.apple.product-type.application";
		};
		11678918190AB1EF0044A433 /* CreditCardProjectTests */ = {
			isa = PBXNativeTarget;
			buildConfigurationList = 1167892D190AB1EF0044A433 /* Build configuration list for PBXNativeTarget "CreditCardProjectTests" */;
			buildPhases = (
				11678915190AB1EF0044A433 /* Sources */,
				11678916190AB1EF0044A433 /* Frameworks */,
				11678917190AB1EF0044A433 /* Resources */,
			);
			buildRules = (
			);
			dependencies = (
				1167891F190AB1EF0044A433 /* PBXTargetDependency */,
			);
			name = CreditCardProjectTests;
			productName = CreditCardProjectTests;
			productReference = 11678919190AB1EF0044A433 /* CreditCardProjectTests.xctest */;
			productType = "com.apple.product-type.bundle.unit-test";
		};
/* End PBXNativeTarget section */

/* Begin PBXProject section */
		116788F0190AB1EF0044A433 /* Project object */ = {
			isa = PBXProject;
			attributes = {
				CLASSPREFIX = PC;
				LastUpgradeCheck = 0510;
				ORGANIZATIONNAME = "Anvar Azizov";
				TargetAttributes = {
					116788F7190AB1EF0044A433 = {
						DevelopmentTeam = 63QK7MRVTT;
					};
					11678918190AB1EF0044A433 = {
						TestTargetID = 116788F7190AB1EF0044A433;
					};
				};
			};
			buildConfigurationList = 116788F3190AB1EF0044A433 /* Build configuration list for PBXProject "CreditCardProject" */;
			compatibilityVersion = "Xcode 3.2";
			developmentRegion = English;
			hasScannedForEncodings = 0;
			knownRegions = (
				en,
				Base,
			);
			mainGroup = 116788EF190AB1EF0044A433;
			productRefGroup = 116788F9190AB1EF0044A433 /* Products */;
			projectDirPath = "";
			projectRoot = "";
			targets = (
				116788F7190AB1EF0044A433 /* CreditCardProject */,
				11678918190AB1EF0044A433 /* CreditCardProjectTests */,
			);
		};
/* End PBXProject section */

/* Begin PBXResourcesBuildPhase section */
		116788F6190AB1EF0044A433 /* Resources */ = {
			isa = PBXResourcesBuildPhase;
			buildActionMask = 2147483647;
			files = (
				111FFED9192D022F00D719F3 /* syllable.csv in Resources */,
				11678914190AB1EF0044A433 /* Images.xcassets in Resources */,
				11678906190AB1EF0044A433 /* InfoPlist.strings in Resources */,
				1167890F190AB1EF0044A433 /* Main.storyboard in Resources */,
				111FFED8192D022F00D719F3 /* name.csv in Resources */,
				111FFEDA192D022F00D719F3 /* title.csv in Resources */,
			);
			runOnlyForDeploymentPostprocessing = 0;
		};
		11678917190AB1EF0044A433 /* Resources */ = {
			isa = PBXResourcesBuildPhase;
			buildActionMask = 2147483647;
			files = (
				11678925190AB1EF0044A433 /* InfoPlist.strings in Resources */,
			);
			runOnlyForDeploymentPostprocessing = 0;
		};
/* End PBXResourcesBuildPhase section */

/* Begin PBXSourcesBuildPhase section */
		116788F4190AB1EF0044A433 /* Sources */ = {
			isa = PBXSourcesBuildPhase;
			buildActionMask = 2147483647;
			files = (
				11D84874193F40D7003A14D8 /* PCEditCardViewController.m in Sources */,
				1167893E190AC9040044A433 /* PCCreditCardVC.m in Sources */,
				11678908190AB1EF0044A433 /* main.m in Sources */,
				111FFED4192D022400D719F3 /* NameGenerator.m in Sources */,
				111FFED1192CCB9A00D719F3 /* PCWalletViewController.m in Sources */,
				11678938190AB2E30044A433 /* PCCreditCard.m in Sources */,
				1167890C190AB1EF0044A433 /* PCAppDelegate.m in Sources */,
			);
			runOnlyForDeploymentPostprocessing = 0;
		};
		11678915190AB1EF0044A433 /* Sources */ = {
			isa = PBXSourcesBuildPhase;
			buildActionMask = 2147483647;
			files = (
				11678927190AB1EF0044A433 /* CreditCardProjectTests.m in Sources */,
			);
			runOnlyForDeploymentPostprocessing = 0;
		};
/* End PBXSourcesBuildPhase section */

/* Begin PBXTargetDependency section */
		1167891F190AB1EF0044A433 /* PBXTargetDependency */ = {
			isa = PBXTargetDependency;
			target = 116788F7190AB1EF0044A433 /* CreditCardProject */;
			targetProxy = 1167891E190AB1EF0044A433 /* PBXContainerItemProxy */;
		};
/* End PBXTargetDependency section */

/* Begin PBXVariantGroup section */
		11678904190AB1EF0044A433 /* InfoPlist.strings */ = {
			isa = PBXVariantGroup;
			children = (
				11678905190AB1EF0044A433 /* en */,
			);
			name = InfoPlist.strings;
			sourceTree = "<group>";
		};
		1167890D190AB1EF0044A433 /* Main.storyboard */ = {
			isa = PBXVariantGroup;
			children = (
				1167890E190AB1EF0044A433 /* Base */,
			);
			name = Main.storyboard;
			sourceTree = "<group>";
		};
		11678923190AB1EF0044A433 /* InfoPlist.strings */ = {
			isa = PBXVariantGroup;
			children = (
				11678924190AB1EF0044A433 /* en */,
			);
			name = InfoPlist.strings;
			sourceTree = "<group>";
		};
/* End PBXVariantGroup section */

/* Begin XCBuildConfiguration section */
		11678928190AB1EF0044A433 /* Debug */ = {
			isa = XCBuildConfiguration;
			buildSettings = {
				ALWAYS_SEARCH_USER_PATHS = NO;
				CLANG_CXX_LANGUAGE_STANDARD = "gnu++0x";
				CLANG_CXX_LIBRARY = "libc++";
				CLANG_ENABLE_MODULES = YES;
				CLANG_ENABLE_OBJC_ARC = NO;
				CLANG_WARN_BOOL_CONVERSION = YES;
				CLANG_WARN_CONSTANT_CONVERSION = YES;
				CLANG_WARN_DIRECT_OBJC_ISA_USAGE = YES_ERROR;
				CLANG_WARN_EMPTY_BODY = YES;
				CLANG_WARN_ENUM_CONVERSION = YES;
				CLANG_WARN_INT_CONVERSION = YES;
				CLANG_WARN_OBJC_ROOT_CLASS = YES_ERROR;
				CLANG_WARN__DUPLICATE_METHOD_MATCH = YES;
				"CODE_SIGN_IDENTITY[sdk=iphoneos*]" = "iPhone Developer";
				COPY_PHASE_STRIP = NO;
				GCC_C_LANGUAGE_STANDARD = gnu99;
				GCC_DYNAMIC_NO_PIC = NO;
				GCC_OPTIMIZATION_LEVEL = 0;
				GCC_PREPROCESSOR_DEFINITIONS = (
					"DEBUG=1",
					"$(inherited)",
				);
				GCC_SYMBOLS_PRIVATE_EXTERN = NO;
				GCC_WARN_64_TO_32_BIT_CONVERSION = YES;
				GCC_WARN_ABOUT_RETURN_TYPE = YES_ERROR;
				GCC_WARN_UNDECLARED_SELECTOR = YES;
				GCC_WARN_UNINITIALIZED_AUTOS = YES_AGGRESSIVE;
				GCC_WARN_UNUSED_FUNCTION = YES;
				GCC_WARN_UNUSED_VARIABLE = YES;
				IPHONEOS_DEPLOYMENT_TARGET = 7.1;
				ONLY_ACTIVE_ARCH = YES;
				SDKROOT = iphoneos;
			};
			name = Debug;
		};
		11678929190AB1EF0044A433 /* Release */ = {
			isa = XCBuildConfiguration;
			buildSettings = {
				ALWAYS_SEARCH_USER_PATHS = NO;
				CLANG_CXX_LANGUAGE_STANDARD = "gnu++0x";
				CLANG_CXX_LIBRARY = "libc++";
				CLANG_ENABLE_MODULES = YES;
				CLANG_ENABLE_OBJC_ARC = NO;
				CLANG_WARN_BOOL_CONVERSION = YES;
				CLANG_WARN_CONSTANT_CONVERSION = YES;
				CLANG_WARN_DIRECT_OBJC_ISA_USAGE = YES_ERROR;
				CLANG_WARN_EMPTY_BODY = YES;
				CLANG_WARN_ENUM_CONVERSION = YES;
				CLANG_WARN_INT_CONVERSION = YES;
				CLANG_WARN_OBJC_ROOT_CLASS = YES_ERROR;
				CLANG_WARN__DUPLICATE_METHOD_MATCH = YES;
				"CODE_SIGN_IDENTITY[sdk=iphoneos*]" = "iPhone Developer";
				COPY_PHASE_STRIP = YES;
				ENABLE_NS_ASSERTIONS = NO;
				GCC_C_LANGUAGE_STANDARD = gnu99;
				GCC_WARN_64_TO_32_BIT_CONVERSION = YES;
				GCC_WARN_ABOUT_RETURN_TYPE = YES_ERROR;
				GCC_WARN_UNDECLARED_SELECTOR = YES;
				GCC_WARN_UNINITIALIZED_AUTOS = YES_AGGRESSIVE;
				GCC_WARN_UNUSED_FUNCTION = YES;
				GCC_WARN_UNUSED_VARIABLE = YES;
				IPHONEOS_DEPLOYMENT_TARGET = 7.1;
				SDKROOT = iphoneos;
				VALIDATE_PRODUCT = YES;
			};
			name = Release;
		};
		1167892B190AB1EF0044A433 /* Debug */ = {
			isa = XCBuildConfiguration;
			buildSettings = {
				ASSETCATALOG_COMPILER_APPICON_NAME = AppIcon;
				ASSETCATALOG_COMPILER_LAUNCHIMAGE_NAME = LaunchImage;
				CODE_SIGN_IDENTITY = "iPhone Developer";
				GCC_PRECOMPILE_PREFIX_HEADER = YES;
				GCC_PREFIX_HEADER = "CreditCardProject/CreditCardProject-Prefix.pch";
				INFOPLIST_FILE = "CreditCardProject/CreditCardProject-Info.plist";
				PRODUCT_NAME = "$(TARGET_NAME)";
				WRAPPER_EXTENSION = app;
			};
			name = Debug;
		};
		1167892C190AB1EF0044A433 /* Release */ = {
			isa = XCBuildConfiguration;
			buildSettings = {
				ASSETCATALOG_COMPILER_APPICON_NAME = AppIcon;
				ASSETCATALOG_COMPILER_LAUNCHIMAGE_NAME = LaunchImage;
				CODE_SIGN_IDENTITY = "iPhone Developer";
				GCC_PRECOMPILE_PREFIX_HEADER = YES;
				GCC_PREFIX_HEADER = "CreditCardProject/CreditCardProject-Prefix.pch";
				INFOPLIST_FILE = "CreditCardProject/CreditCardProject-Info.plist";
				PRODUCT_NAME = "$(TARGET_NAME)";
				WRAPPER_EXTENSION = app;
			};
			name = Release;
		};
		1167892E190AB1EF0044A433 /* Debug */ = {
			isa = XCBuildConfiguration;
			buildSettings = {
				BUNDLE_LOADER = "$(BUILT_PRODUCTS_DIR)/CreditCardProject.app/CreditCardProject";
				FRAMEWORK_SEARCH_PATHS = (
					"$(SDKROOT)/Developer/Library/Frameworks",
					"$(inherited)",
					"$(DEVELOPER_FRAMEWORKS_DIR)",
				);
				GCC_PRECOMPILE_PREFIX_HEADER = YES;
				GCC_PREFIX_HEADER = "CreditCardProject/CreditCardProject-Prefix.pch";
				GCC_PREPROCESSOR_DEFINITIONS = (
					"DEBUG=1",
					"$(inherited)",
				);
				INFOPLIST_FILE = "CreditCardProjectTests/CreditCardProjectTests-Info.plist";
				PRODUCT_NAME = "$(TARGET_NAME)";
				TEST_HOST = "$(BUNDLE_LOADER)";
				WRAPPER_EXTENSION = xctest;
			};
			name = Debug;
		};
		1167892F190AB1EF0044A433 /* Release */ = {
			isa = XCBuildConfiguration;
			buildSettings = {
				BUNDLE_LOADER = "$(BUILT_PRODUCTS_DIR)/CreditCardProject.app/CreditCardProject";
				FRAMEWORK_SEARCH_PATHS = (
					"$(SDKROOT)/Developer/Library/Frameworks",
					"$(inherited)",
					"$(DEVELOPER_FRAMEWORKS_DIR)",
				);
				GCC_PRECOMPILE_PREFIX_HEADER = YES;
				GCC_PREFIX_HEADER = "CreditCardProject/CreditCardProject-Prefix.pch";
				INFOPLIST_FILE = "CreditCardProjectTests/CreditCardProjectTests-Info.plist";
				PRODUCT_NAME = "$(TARGET_NAME)";
				TEST_HOST = "$(BUNDLE_LOADER)";
				WRAPPER_EXTENSION = xctest;
			};
			name = Release;
		};
/* End XCBuildConfiguration section */

/* Begin XCConfigurationList section */
		116788F3190AB1EF0044A433 /* Build configuration list for PBXProject "CreditCardProject" */ = {
			isa = XCConfigurationList;
			buildConfigurations = (
				11678928190AB1EF0044A433 /* Debug */,
				11678929190AB1EF0044A433 /* Release */,
			);
			defaultConfigurationIsVisible = 0;
			defaultConfigurationName = Release;
		};
		1167892A190AB1EF0044A433 /* Build configuration list for PBXNativeTarget "CreditCardProject" */ = {
			isa = XCConfigurationList;
			buildConfigurations = (
				1167892B190AB1EF0044A433 /* Debug */,
				1167892C190AB1EF0044A433 /* Release */,
			);
			defaultConfigurationIsVisible = 0;
			defaultConfigurationName = Release;
		};
		1167892D190AB1EF0044A433 /* Build configuration list for PBXNativeTarget "CreditCardProjectTests" */ = {
			isa = XCConfigurationList;
			buildConfigurations = (
				1167892E190AB1EF0044A433 /* Debug */,
				1167892F190AB1EF0044A433 /* Release */,
			);
			defaultConfigurationIsVisible = 0;
			defaultConfigurationName = Release;
		};
/* End XCConfigurationList section */
	};
	rootObject = 116788F0190AB1EF0044A433 /* Project object */;
}
